<Project xmlns="http://schemas.microsoft.com/developer/msbuild/2003">
    <PropertyGroup>
        <ProjectGuid>{0e4c5271-1c5a-40d4-919e-f613fd659274}</ProjectGuid>
        <MainSource>AgeFirstEgg.dpr</MainSource>
        <Configuration Condition=" '$(Configuration)' == '' ">Debug</Configuration>
        <DCC_DCCCompiler>DCC32</DCC_DCCCompiler>
        <DCC_DependencyCheckOutputName>AgeFirstEgg.exe</DCC_DependencyCheckOutputName>
        <FrameworkType>VCL</FrameworkType>
        <ProjectVersion>15.3</ProjectVersion>
        <Base>True</Base>
        <Config Condition="'$(Config)'==''">Debug</Config>
        <Platform Condition="'$(Platform)'==''">Win32</Platform>
        <TargetedPlatforms>1</TargetedPlatforms>
        <AppType>Application</AppType>
    </PropertyGroup>
    <PropertyGroup Condition="'$(Config)'=='Base' or '$(Base)'!=''">
        <Base>true</Base>
    </PropertyGroup>
    <PropertyGroup Condition="('$(Platform)'=='Win32' and '$(Base)'=='true') or '$(Base_Win32)'!=''">
        <Base_Win32>true</Base_Win32>
        <CfgParent>Base</CfgParent>
        <Base>true</Base>
    </PropertyGroup>
    <PropertyGroup Condition="('$(Platform)'=='Win64' and '$(Base)'=='true') or '$(Base_Win64)'!=''">
        <Base_Win64>true</Base_Win64>
        <CfgParent>Base</CfgParent>
        <Base>true</Base>
    </PropertyGroup>
    <PropertyGroup Condition="'$(Config)'=='Release' or '$(Cfg_1)'!=''">
        <Cfg_1>true</Cfg_1>
        <CfgParent>Base</CfgParent>
        <Base>true</Base>
    </PropertyGroup>
    <PropertyGroup Condition="'$(Config)'=='Debug' or '$(Cfg_2)'!=''">
        <Cfg_2>true</Cfg_2>
        <CfgParent>Base</CfgParent>
        <Base>true</Base>
    </PropertyGroup>
    <PropertyGroup Condition="'$(Base)'!=''">
        <VerInfo_IncludeVerInfo>true</VerInfo_IncludeVerInfo>
        <VerInfo_Release>2</VerInfo_Release>
        <VerInfo_MajorVer>2</VerInfo_MajorVer>
        <VerInfo_Locale>7177</VerInfo_Locale>
        <DCC_Namespace>Vcl;Vcl.Imaging;Vcl.Touch;Vcl.Samples;Vcl.Shell;System;Xml;Data;Datasnap;Web;Soap;Winapi;VCLTee;$(DCC_Namespace)</DCC_Namespace>
        <VerInfo_Keys>CompanyName=EFG Software;FileDescription=Age at first egg prediction;FileVersion=2.0.2.0;InternalName=;LegalCopyright=;LegalTrademarks=;OriginalFilename=;ProductName=;ProductVersion=1.0.0.0;Comments=</VerInfo_Keys>
    </PropertyGroup>
    <PropertyGroup Condition="'$(Base_Win32)'!=''">
        <VerInfo_IncludeVerInfo>true</VerInfo_IncludeVerInfo>
        <Icon_MainIcon>AgeFirstEgg_Icon.ico</Icon_MainIcon>
        <Manifest_File>$(BDS)\bin\default_app.manifest</Manifest_File>
        <VerInfo_Locale>1033</VerInfo_Locale>
        <DCC_Namespace>Winapi;System.Win;Data.Win;Datasnap.Win;Web.Win;Soap.Win;Xml.Win;Bde;$(DCC_Namespace)</DCC_Namespace>
        <VerInfo_Keys>CompanyName=;FileDescription=;FileVersion=1.0.0.0;InternalName=;LegalCopyright=;LegalTrademarks=;OriginalFilename=;ProductName=;ProductVersion=1.0.0.0;Comments=</VerInfo_Keys>
    </PropertyGroup>
    <PropertyGroup Condition="'$(Base_Win64)'!=''">
        <Icon_MainIcon>AgeFirstEgg_Icon.ico</Icon_MainIcon>
    </PropertyGroup>
    <PropertyGroup Condition="'$(Cfg_1)'!=''">
        <Version>7.0</Version>
        <DCC_Alignment>1</DCC_Alignment>
        <DCC_DebugInformation>0</DCC_DebugInformation>
        <DCC_WriteableConstants>True</DCC_WriteableConstants>
        <DCC_LocalDebugSymbols>False</DCC_LocalDebugSymbols>
        <DCC_Optimize>False</DCC_Optimize>
        <DCC_IntegerOverflowCheck>True</DCC_IntegerOverflowCheck>
        <DCC_RangeChecking>True</DCC_RangeChecking>
        <DCC_SymbolReferenceInfo>0</DCC_SymbolReferenceInfo>
        <DCC_ExeOutput>C:\Projects\AgeFirstEgg</DCC_ExeOutput>
        <DCC_DcuOutput>C:\Projects\AgeFirstEgg\Dcu</DCC_DcuOutput>
        <DCC_ObjOutput>C:\Projects\AgeFirstEgg\Dcu</DCC_ObjOutput>
        <DCC_HppOutput>C:\Projects\AgeFirstEgg\Dcu</DCC_HppOutput>
        <DCC_Define>RELEASE;$(DCC_Define)</DCC_Define>
    </PropertyGroup>
    <PropertyGroup Condition="'$(Cfg_2)'!=''">
        <Version>7.0</Version>
        <DCC_Alignment>1</DCC_Alignment>
        <DCC_WriteableConstants>True</DCC_WriteableConstants>
        <DCC_Optimize>False</DCC_Optimize>
        <DCC_IntegerOverflowCheck>True</DCC_IntegerOverflowCheck>
        <DCC_RangeChecking>True</DCC_RangeChecking>
        <DCC_Define>DEBUG;$(DCC_Define)</DCC_Define>
    </PropertyGroup>
    <ProjectExtensions>
        <Borland.Personality>Delphi.Personality.12</Borland.Personality>
        <Borland.ProjectType>VCLApplication</Borland.ProjectType>
        <BorlandProject>
            <Delphi.Personality>
                <Parameters>
                    <Parameters Name="UseLauncher">False</Parameters>
                    <Parameters Name="LoadAllSymbols">True</Parameters>
                    <Parameters Name="LoadUnspecifiedSymbols">False</Parameters>
                </Parameters>
                <VersionInfo>
                    <VersionInfo Name="IncludeVerInfo">True</VersionInfo>
                    <VersionInfo Name="AutoIncBuild">False</VersionInfo>
                    <VersionInfo Name="MajorVer">2</VersionInfo>
                    <VersionInfo Name="MinorVer">0</VersionInfo>
                    <VersionInfo Name="Release">2</VersionInfo>
                    <VersionInfo Name="Build">0</VersionInfo>
                    <VersionInfo Name="Debug">False</VersionInfo>
                    <VersionInfo Name="PreRelease">False</VersionInfo>
                    <VersionInfo Name="Special">False</VersionInfo>
                    <VersionInfo Name="Private">False</VersionInfo>
                    <VersionInfo Name="DLL">False</VersionInfo>
                    <VersionInfo Name="Locale">7177</VersionInfo>
                    <VersionInfo Name="CodePage">1252</VersionInfo>
                </VersionInfo>
                <VersionInfoKeys>
                    <VersionInfoKeys Name="CompanyName">EFG Software</VersionInfoKeys>
                    <VersionInfoKeys Name="FileDescription">Age at first egg prediction</VersionInfoKeys>
                    <VersionInfoKeys Name="FileVersion">2.0.2.0</VersionInfoKeys>
                    <VersionInfoKeys Name="InternalName"/>
                    <VersionInfoKeys Name="LegalCopyright"/>
                    <VersionInfoKeys Name="LegalTrademarks"/>
                    <VersionInfoKeys Name="OriginalFilename"/>
                    <VersionInfoKeys Name="ProductName"/>
                    <VersionInfoKeys Name="ProductVersion">1.0.0.0</VersionInfoKeys>
                    <VersionInfoKeys Name="Comments"/>
                </VersionInfoKeys>
                <Excluded_Packages>
                    <Excluded_Packages Name="C:\WINDOWS\system32\dxPSTeeChartD10.bpl">ExpressPrinting System ReportLink for TeeChart by Developer Express Inc.</Excluded_Packages>
                    <Excluded_Packages Name="C:\WINDOWS\system32\dxPSDBTeeChartD10.bpl">ExpressPrinting System ReportLink for DBTeeChart by Developer Express Inc.</Excluded_Packages>
                    <Excluded_Packages Name="C:\Program Files\Steema Software\TeeChart 7.07 for Delphi 2006\Delphi10\Bin\DclTree2D10Tee7.bpl">TeeTree 2 Components</Excluded_Packages>
                </Excluded_Packages>
                <Source>
                    <Source Name="MainSource">AgeFirstEgg.dpr</Source>
                </Source>
            </Delphi.Personality>
            <Platforms>
                <Platform value="Win32">True</Platform>
                <Platform value="Win64">False</Platform>
            </Platforms>
        </BorlandProject>
        <ProjectFileVersion>12</ProjectFileVersion>
    </ProjectExtensions>
    <Import Project="$(BDS)\Bin\CodeGear.Delphi.Targets"/>
    <ItemGroup>
        <DelphiCompile Include="$(MainSource)">
            <MainSource>MainSource</MainSource>
        </DelphiCompile>
        <DCCReference Include="uMethods.pas"/>
        <DCCReference Include="dmAgeFirstEgg.pas">
            <Form>dtmAgeFirstEgg</Form>
            <DesignClass>TDataModule</DesignClass>
        </DCCReference>
        <DCCReference Include="fShowResult.pas">
            <Form>frmShowResult</Form>
        </DCCReference>
        <DCCReference Include="fNewPhotoperiod.pas">
            <Form>frmNewPhotoPeriod</Form>
        </DCCReference>
        <DCCReference Include="fDefineGT.pas">
            <Form>frmDefineGT</Form>
        </DCCReference>
        <DCCReference Include="fLoadExperiment.pas">
            <Form>frmLoadExperiment</Form>
        </DCCReference>
        <DCCReference Include="cCalculation.pas"/>
        <DCCReference Include="fAbout.pas">
            <Form>frmAbout</Form>
        </DCCReference>
        <DCCReference Include="fMainAFE.pas">
            <Form>frmMainAFE</Form>
        </DCCReference>
        <DCCReference Include="uDefinitions.pas"/>
        <DCCReference Include="fSelectGenotype.pas">
            <Form>frmSelectGenotype</Form>
        </DCCReference>
        <DCCReference Include="fLGMModel.pas">
            <Form>frmLGMModel</Form>
        </DCCReference>
        <DCCReference Include="cPredictLGM.pas"/>
        <BuildConfiguration Include="Debug">
            <Key>Cfg_2</Key>
            <CfgParent>Base</CfgParent>
        </BuildConfiguration>
        <BuildConfiguration Include="Base">
            <Key>Base</Key>
        </BuildConfiguration>
        <BuildConfiguration Include="Release">
            <Key>Cfg_1</Key>
            <CfgParent>Base</CfgParent>
        </BuildConfiguration>
    </ItemGroup>
    <Import Project="$(APPDATA)\Embarcadero\$(BDSAPPDATABASEDIR)\$(PRODUCTVERSION)\UserTools.proj" Condition="Exists('$(APPDATA)\Embarcadero\$(BDSAPPDATABASEDIR)\$(PRODUCTVERSION)\UserTools.proj')"/>
</Project>
